
Microsoft Visual Studio Solution File, Format Version 12.00
# Visual Studio Express 2012 for Windows Desktop
Project("{8BC9CEB8-8B4A-11D0-8D11-00A0C91BC942}") = "HW1-1", "HW1-1\HW1-1.vcxproj", "{32AA6DEB-B4D5-48D6-A000-E1BB63B266B7}"
EndProject
Project("{8BC9CEB8-8B4A-11D0-8D11-00A0C91BC942}") = "HW1-2", "HW1-2\HW1-2.vcxproj", "{442BB234-7C3F-48B0-949A-24521285F9E4}"
EndProject
Project("{8BC9CEB8-8B4A-11D0-8D11-00A0C91BC942}") = "HW1-3", "HW1-3\HW1-3.vcxproj", "{13FEC0A7-AEC1-4F2A-84DD-27251A1F93D0}"
EndProject
Project("{8BC9CEB8-8B4A-11D0-8D11-00A0C91BC942}") = "HW1-4", "HW1-4\HW1-4.vcxproj", "{10FFE3F2-9DCB-4376-8D4F-61F8A27C3D48}"
EndProject
Project("{8BC9CEB8-8B4A-11D0-8D11-00A0C91BC942}") = "HW1-5", "HW1-5\HW1-5.vcxproj", "{50FC7E37-0DF7-4A5E-86C0-A29836E111CB}"
EndProject
Global
	GlobalSection(SolutionConfigurationPlatforms) = preSolution
		Debug|Win32 = Debug|Win32
		Release|Win32 = Release|Win32
	EndGlobalSection
	GlobalSection(ProjectConfigurationPlatforms) = postSolution
		{32AA6DEB-B4D5-48D6-A000-E1BB63B266B7}.Debug|Win32.ActiveCfg = Debug|Win32
		{32AA6DEB-B4D5-48D6-A000-E1BB63B266B7}.Debug|Win32.Build.0 = Debug|Win32
		{32AA6DEB-B4D5-48D6-A000-E1BB63B266B7}.Release|Win32.ActiveCfg = Release|Win32
		{32AA6DEB-B4D5-48D6-A000-E1BB63B266B7}.Release|Win32.Build.0 = Release|Win32
		{442BB234-7C3F-48B0-949A-24521285F9E4}.Debug|Win32.ActiveCfg = Debug|Win32
		{442BB234-7C3F-48B0-949A-24521285F9E4}.Debug|Win32.Build.0 = Debug|Win32
		{442BB234-7C3F-48B0-949A-24521285F9E4}.Release|Win32.ActiveCfg = Release|Win32
		{442BB234-7C3F-48B0-949A-24521285F9E4}.Release|Win32.Build.0 = Release|Win32
		{13FEC0A7-AEC1-4F2A-84DD-27251A1F93D0}.Debug|Win32.ActiveCfg = Debug|Win32
		{13FEC0A7-AEC1-4F2A-84DD-27251A1F93D0}.Debug|Win32.Build.0 = Debug|Win32
		{13FEC0A7-AEC1-4F2A-84DD-27251A1F93D0}.Release|Win32.ActiveCfg = Release|Win32
		{13FEC0A7-AEC1-4F2A-84DD-27251A1F93D0}.Release|Win32.Build.0 = Release|Win32
		{10FFE3F2-9DCB-4376-8D4F-61F8A27C3D48}.Debug|Win32.ActiveCfg = Debug|Win32
		{10FFE3F2-9DCB-4376-8D4F-61F8A27C3D48}.Debug|Win32.Build.0 = Debug|Win32
		{10FFE3F2-9DCB-4376-8D4F-61F8A27C3D48}.Release|Win32.ActiveCfg = Release|Win32
		{10FFE3F2-9DCB-4376-8D4F-61F8A27C3D48}.Release|Win32.Build.0 = Release|Win32
		{50FC7E37-0DF7-4A5E-86C0-A29836E111CB}.Debug|Win32.ActiveCfg = Debug|Win32
		{50FC7E37-0DF7-4A5E-86C0-A29836E111CB}.Debug|Win32.Build.0 = Debug|Win32
		{50FC7E37-0DF7-4A5E-86C0-A29836E111CB}.Release|Win32.ActiveCfg = Release|Win32
		{50FC7E37-0DF7-4A5E-86C0-A29836E111CB}.Release|Win32.Build.0 = Release|Win32
	EndGlobalSection
	GlobalSection(SolutionProperties) = preSolution
		HideSolutionNode = FALSE
	EndGlobalSection
EndGlobal
