
Microsoft Visual Studio Solution File, Format Version 12.00
# Visual Studio Express 2012 for Windows Desktop
Project("{8BC9CEB8-8B4A-11D0-8D11-00A0C91BC942}") = "HW2-8", "HW2-8\HW2-8.vcxproj", "{A211B158-EF9F-49F7-95C9-ED2630E28E47}"
EndProject
Project("{8BC9CEB8-8B4A-11D0-8D11-00A0C91BC942}") = "HW1-1", "HW1-1\HW1-1.vcxproj", "{3EADEA7B-F5F9-4AF2-8A87-372EDBC51669}"
EndProject
Project("{8BC9CEB8-8B4A-11D0-8D11-00A0C91BC942}") = "HW1-2", "HW1-2\HW1-2.vcxproj", "{56EAED12-B1D5-43CE-9554-12C13EC4937D}"
EndProject
Project("{8BC9CEB8-8B4A-11D0-8D11-00A0C91BC942}") = "HW1-3", "HW1-3\HW1-3.vcxproj", "{5633CFC6-C1E8-4456-A465-1069CAC0392D}"
EndProject
Project("{8BC9CEB8-8B4A-11D0-8D11-00A0C91BC942}") = "HW1-4", "HW1-4\HW1-4.vcxproj", "{AE297B60-288F-41D3-A266-C82CE3E3CD6C}"
EndProject
Project("{8BC9CEB8-8B4A-11D0-8D11-00A0C91BC942}") = "HW1-5", "HW1-5\HW1-5.vcxproj", "{A77E3F71-79CF-4B9E-B0B1-52F250AC8508}"
EndProject
Project("{8BC9CEB8-8B4A-11D0-8D11-00A0C91BC942}") = "HW2-1", "HW2-1\HW2-1.vcxproj", "{5AE96F49-DD21-4CE8-84B2-95F9EAA6EB08}"
EndProject
Project("{8BC9CEB8-8B4A-11D0-8D11-00A0C91BC942}") = "HW2-2", "HW2-2\HW2-2.vcxproj", "{9B85C379-6FFA-4837-B6BF-A7B8DDB530A3}"
EndProject
Project("{8BC9CEB8-8B4A-11D0-8D11-00A0C91BC942}") = "HW2-3", "HW2-3\HW2-3.vcxproj", "{7F14E39C-D5C6-4A13-A310-EF97821FD505}"
EndProject
Project("{8BC9CEB8-8B4A-11D0-8D11-00A0C91BC942}") = "HW2-4", "HW2-4\HW2-4.vcxproj", "{EE9E3763-FD28-464E-859A-E618DBDA330A}"
EndProject
Project("{8BC9CEB8-8B4A-11D0-8D11-00A0C91BC942}") = "HW2-5", "HW2-5\HW2-5.vcxproj", "{4C62C66D-9C3F-45BC-9F10-1C7331BD840E}"
EndProject
Project("{8BC9CEB8-8B4A-11D0-8D11-00A0C91BC942}") = "HW2-6", "HW2-6\HW2-6.vcxproj", "{1D2D27BA-63FB-4D98-82B9-48F399398ADC}"
EndProject
Project("{8BC9CEB8-8B4A-11D0-8D11-00A0C91BC942}") = "HW2-7", "HW2-7\HW2-7.vcxproj", "{AE489171-91A3-48E9-9B81-CAE0ABC41C1C}"
EndProject
Project("{8BC9CEB8-8B4A-11D0-8D11-00A0C91BC942}") = "HW2-9", "HW2-9\HW2-9.vcxproj", "{9BCA1162-98F6-4CEA-BA57-08BF38EB3EB2}"
EndProject
Project("{8BC9CEB8-8B4A-11D0-8D11-00A0C91BC942}") = "HW2-10", "HW2-10\HW2-10.vcxproj", "{1C622F79-23A7-44FD-82F3-B48524D87DD4}"
EndProject
Project("{8BC9CEB8-8B4A-11D0-8D11-00A0C91BC942}") = "HW2-11", "HW2-11\HW2-11.vcxproj", "{E11DF7E2-A16A-4FFE-849F-443D1F8B95C2}"
EndProject
Project("{8BC9CEB8-8B4A-11D0-8D11-00A0C91BC942}") = "HW2-12", "HW2-12\HW2-12.vcxproj", "{118BC3B9-95E9-4499-8904-DD887DFF721D}"
EndProject
Project("{8BC9CEB8-8B4A-11D0-8D11-00A0C91BC942}") = "HW2-13", "HW2-13\HW2-13.vcxproj", "{0C60918A-992F-41F8-81C1-0DB13E62B570}"
EndProject
Project("{8BC9CEB8-8B4A-11D0-8D11-00A0C91BC942}") = "HW2-14", "HW2-14\HW2-14.vcxproj", "{145C27CD-504C-4756-8E5D-936157DB1E55}"
EndProject
Project("{8BC9CEB8-8B4A-11D0-8D11-00A0C91BC942}") = "HW2-15", "HW2-15\HW2-15.vcxproj", "{DDA22B6F-AC1C-4426-9AAC-1F287D20E156}"
EndProject
Project("{8BC9CEB8-8B4A-11D0-8D11-00A0C91BC942}") = "HW2-16", "HW2-16\HW2-16.vcxproj", "{8F42E724-A0F9-46C3-9A0D-7BEF205B7A16}"
EndProject
Project("{8BC9CEB8-8B4A-11D0-8D11-00A0C91BC942}") = "HW2-17", "HW2-17\HW2-17.vcxproj", "{F85F01F0-42D9-42BC-83F2-90131F4F56C6}"
EndProject
Project("{8BC9CEB8-8B4A-11D0-8D11-00A0C91BC942}") = "HW2-18", "HW2-18\HW2-18.vcxproj", "{E2CFF419-D7F7-47F2-B632-E4D966A668EC}"
EndProject
Project("{8BC9CEB8-8B4A-11D0-8D11-00A0C91BC942}") = "HW2-19", "HW2-19\HW2-19.vcxproj", "{1E65E17D-0B0D-42A4-95B3-D99A37FB0A36}"
EndProject
Project("{8BC9CEB8-8B4A-11D0-8D11-00A0C91BC942}") = "HW2-20", "HW2-20\HW2-20.vcxproj", "{AE8BBB42-BD51-43CE-93C8-B40EE8D8F285}"
EndProject
Project("{8BC9CEB8-8B4A-11D0-8D11-00A0C91BC942}") = "HW2-21", "HW2-21\HW2-21.vcxproj", "{A2B95AEC-8DB9-4DE6-A4A1-962E7CE91E17}"
EndProject
Project("{8BC9CEB8-8B4A-11D0-8D11-00A0C91BC942}") = "HW2-22", "HW2-22\HW2-22.vcxproj", "{4527BCA3-666B-4F44-9897-06C9CB55FAA3}"
EndProject
Project("{8BC9CEB8-8B4A-11D0-8D11-00A0C91BC942}") = "HW2-24", "HW2-24\HW2-24.vcxproj", "{24F691D0-5CB8-4BAB-B76A-D61C1120E530}"
EndProject
Project("{8BC9CEB8-8B4A-11D0-8D11-00A0C91BC942}") = "20181030배열", "20181030배열\20181030배열.vcxproj", "{D3543F19-0C40-4BE2-B5BC-294222CBE6B6}"
EndProject
Project("{8BC9CEB8-8B4A-11D0-8D11-00A0C91BC942}") = "20181030함수", "20181030함수\20181030함수.vcxproj", "{9E8DCA13-7AD4-47ED-8362-FF439611071B}"
EndProject
Project("{8BC9CEB8-8B4A-11D0-8D11-00A0C91BC942}") = "20181030함수2", "20181030함수2\20181030함수2.vcxproj", "{4C496336-D6B2-49F7-9C33-9759F623A8C4}"
EndProject
Global
	GlobalSection(SolutionConfigurationPlatforms) = preSolution
		Debug|Win32 = Debug|Win32
		Release|Win32 = Release|Win32
	EndGlobalSection
	GlobalSection(ProjectConfigurationPlatforms) = postSolution
		{A211B158-EF9F-49F7-95C9-ED2630E28E47}.Debug|Win32.ActiveCfg = Debug|Win32
		{A211B158-EF9F-49F7-95C9-ED2630E28E47}.Debug|Win32.Build.0 = Debug|Win32
		{A211B158-EF9F-49F7-95C9-ED2630E28E47}.Release|Win32.ActiveCfg = Release|Win32
		{A211B158-EF9F-49F7-95C9-ED2630E28E47}.Release|Win32.Build.0 = Release|Win32
		{3EADEA7B-F5F9-4AF2-8A87-372EDBC51669}.Debug|Win32.ActiveCfg = Debug|Win32
		{3EADEA7B-F5F9-4AF2-8A87-372EDBC51669}.Debug|Win32.Build.0 = Debug|Win32
		{3EADEA7B-F5F9-4AF2-8A87-372EDBC51669}.Release|Win32.ActiveCfg = Release|Win32
		{3EADEA7B-F5F9-4AF2-8A87-372EDBC51669}.Release|Win32.Build.0 = Release|Win32
		{56EAED12-B1D5-43CE-9554-12C13EC4937D}.Debug|Win32.ActiveCfg = Debug|Win32
		{56EAED12-B1D5-43CE-9554-12C13EC4937D}.Debug|Win32.Build.0 = Debug|Win32
		{56EAED12-B1D5-43CE-9554-12C13EC4937D}.Release|Win32.ActiveCfg = Release|Win32
		{56EAED12-B1D5-43CE-9554-12C13EC4937D}.Release|Win32.Build.0 = Release|Win32
		{5633CFC6-C1E8-4456-A465-1069CAC0392D}.Debug|Win32.ActiveCfg = Debug|Win32
		{5633CFC6-C1E8-4456-A465-1069CAC0392D}.Debug|Win32.Build.0 = Debug|Win32
		{5633CFC6-C1E8-4456-A465-1069CAC0392D}.Release|Win32.ActiveCfg = Release|Win32
		{5633CFC6-C1E8-4456-A465-1069CAC0392D}.Release|Win32.Build.0 = Release|Win32
		{AE297B60-288F-41D3-A266-C82CE3E3CD6C}.Debug|Win32.ActiveCfg = Debug|Win32
		{AE297B60-288F-41D3-A266-C82CE3E3CD6C}.Debug|Win32.Build.0 = Debug|Win32
		{AE297B60-288F-41D3-A266-C82CE3E3CD6C}.Release|Win32.ActiveCfg = Release|Win32
		{AE297B60-288F-41D3-A266-C82CE3E3CD6C}.Release|Win32.Build.0 = Release|Win32
		{A77E3F71-79CF-4B9E-B0B1-52F250AC8508}.Debug|Win32.ActiveCfg = Debug|Win32
		{A77E3F71-79CF-4B9E-B0B1-52F250AC8508}.Debug|Win32.Build.0 = Debug|Win32
		{A77E3F71-79CF-4B9E-B0B1-52F250AC8508}.Release|Win32.ActiveCfg = Release|Win32
		{A77E3F71-79CF-4B9E-B0B1-52F250AC8508}.Release|Win32.Build.0 = Release|Win32
		{5AE96F49-DD21-4CE8-84B2-95F9EAA6EB08}.Debug|Win32.ActiveCfg = Debug|Win32
		{5AE96F49-DD21-4CE8-84B2-95F9EAA6EB08}.Debug|Win32.Build.0 = Debug|Win32
		{5AE96F49-DD21-4CE8-84B2-95F9EAA6EB08}.Release|Win32.ActiveCfg = Release|Win32
		{5AE96F49-DD21-4CE8-84B2-95F9EAA6EB08}.Release|Win32.Build.0 = Release|Win32
		{9B85C379-6FFA-4837-B6BF-A7B8DDB530A3}.Debug|Win32.ActiveCfg = Debug|Win32
		{9B85C379-6FFA-4837-B6BF-A7B8DDB530A3}.Debug|Win32.Build.0 = Debug|Win32
		{9B85C379-6FFA-4837-B6BF-A7B8DDB530A3}.Release|Win32.ActiveCfg = Release|Win32
		{9B85C379-6FFA-4837-B6BF-A7B8DDB530A3}.Release|Win32.Build.0 = Release|Win32
		{7F14E39C-D5C6-4A13-A310-EF97821FD505}.Debug|Win32.ActiveCfg = Debug|Win32
		{7F14E39C-D5C6-4A13-A310-EF97821FD505}.Debug|Win32.Build.0 = Debug|Win32
		{7F14E39C-D5C6-4A13-A310-EF97821FD505}.Release|Win32.ActiveCfg = Release|Win32
		{7F14E39C-D5C6-4A13-A310-EF97821FD505}.Release|Win32.Build.0 = Release|Win32
		{EE9E3763-FD28-464E-859A-E618DBDA330A}.Debug|Win32.ActiveCfg = Debug|Win32
		{EE9E3763-FD28-464E-859A-E618DBDA330A}.Debug|Win32.Build.0 = Debug|Win32
		{EE9E3763-FD28-464E-859A-E618DBDA330A}.Release|Win32.ActiveCfg = Release|Win32
		{EE9E3763-FD28-464E-859A-E618DBDA330A}.Release|Win32.Build.0 = Release|Win32
		{4C62C66D-9C3F-45BC-9F10-1C7331BD840E}.Debug|Win32.ActiveCfg = Debug|Win32
		{4C62C66D-9C3F-45BC-9F10-1C7331BD840E}.Debug|Win32.Build.0 = Debug|Win32
		{4C62C66D-9C3F-45BC-9F10-1C7331BD840E}.Release|Win32.ActiveCfg = Release|Win32
		{4C62C66D-9C3F-45BC-9F10-1C7331BD840E}.Release|Win32.Build.0 = Release|Win32
		{1D2D27BA-63FB-4D98-82B9-48F399398ADC}.Debug|Win32.ActiveCfg = Debug|Win32
		{1D2D27BA-63FB-4D98-82B9-48F399398ADC}.Debug|Win32.Build.0 = Debug|Win32
		{1D2D27BA-63FB-4D98-82B9-48F399398ADC}.Release|Win32.ActiveCfg = Release|Win32
		{1D2D27BA-63FB-4D98-82B9-48F399398ADC}.Release|Win32.Build.0 = Release|Win32
		{AE489171-91A3-48E9-9B81-CAE0ABC41C1C}.Debug|Win32.ActiveCfg = Debug|Win32
		{AE489171-91A3-48E9-9B81-CAE0ABC41C1C}.Debug|Win32.Build.0 = Debug|Win32
		{AE489171-91A3-48E9-9B81-CAE0ABC41C1C}.Release|Win32.ActiveCfg = Release|Win32
		{AE489171-91A3-48E9-9B81-CAE0ABC41C1C}.Release|Win32.Build.0 = Release|Win32
		{9BCA1162-98F6-4CEA-BA57-08BF38EB3EB2}.Debug|Win32.ActiveCfg = Debug|Win32
		{9BCA1162-98F6-4CEA-BA57-08BF38EB3EB2}.Debug|Win32.Build.0 = Debug|Win32
		{9BCA1162-98F6-4CEA-BA57-08BF38EB3EB2}.Release|Win32.ActiveCfg = Release|Win32
		{9BCA1162-98F6-4CEA-BA57-08BF38EB3EB2}.Release|Win32.Build.0 = Release|Win32
		{1C622F79-23A7-44FD-82F3-B48524D87DD4}.Debug|Win32.ActiveCfg = Debug|Win32
		{1C622F79-23A7-44FD-82F3-B48524D87DD4}.Debug|Win32.Build.0 = Debug|Win32
		{1C622F79-23A7-44FD-82F3-B48524D87DD4}.Release|Win32.ActiveCfg = Release|Win32
		{1C622F79-23A7-44FD-82F3-B48524D87DD4}.Release|Win32.Build.0 = Release|Win32
		{E11DF7E2-A16A-4FFE-849F-443D1F8B95C2}.Debug|Win32.ActiveCfg = Debug|Win32
		{E11DF7E2-A16A-4FFE-849F-443D1F8B95C2}.Debug|Win32.Build.0 = Debug|Win32
		{E11DF7E2-A16A-4FFE-849F-443D1F8B95C2}.Release|Win32.ActiveCfg = Release|Win32
		{E11DF7E2-A16A-4FFE-849F-443D1F8B95C2}.Release|Win32.Build.0 = Release|Win32
		{118BC3B9-95E9-4499-8904-DD887DFF721D}.Debug|Win32.ActiveCfg = Debug|Win32
		{118BC3B9-95E9-4499-8904-DD887DFF721D}.Debug|Win32.Build.0 = Debug|Win32
		{118BC3B9-95E9-4499-8904-DD887DFF721D}.Release|Win32.ActiveCfg = Release|Win32
		{118BC3B9-95E9-4499-8904-DD887DFF721D}.Release|Win32.Build.0 = Release|Win32
		{0C60918A-992F-41F8-81C1-0DB13E62B570}.Debug|Win32.ActiveCfg = Debug|Win32
		{0C60918A-992F-41F8-81C1-0DB13E62B570}.Debug|Win32.Build.0 = Debug|Win32
		{0C60918A-992F-41F8-81C1-0DB13E62B570}.Release|Win32.ActiveCfg = Release|Win32
		{0C60918A-992F-41F8-81C1-0DB13E62B570}.Release|Win32.Build.0 = Release|Win32
		{145C27CD-504C-4756-8E5D-936157DB1E55}.Debug|Win32.ActiveCfg = Debug|Win32
		{145C27CD-504C-4756-8E5D-936157DB1E55}.Debug|Win32.Build.0 = Debug|Win32
		{145C27CD-504C-4756-8E5D-936157DB1E55}.Release|Win32.ActiveCfg = Release|Win32
		{145C27CD-504C-4756-8E5D-936157DB1E55}.Release|Win32.Build.0 = Release|Win32
		{DDA22B6F-AC1C-4426-9AAC-1F287D20E156}.Debug|Win32.ActiveCfg = Debug|Win32
		{DDA22B6F-AC1C-4426-9AAC-1F287D20E156}.Debug|Win32.Build.0 = Debug|Win32
		{DDA22B6F-AC1C-4426-9AAC-1F287D20E156}.Release|Win32.ActiveCfg = Release|Win32
		{DDA22B6F-AC1C-4426-9AAC-1F287D20E156}.Release|Win32.Build.0 = Release|Win32
		{8F42E724-A0F9-46C3-9A0D-7BEF205B7A16}.Debug|Win32.ActiveCfg = Debug|Win32
		{8F42E724-A0F9-46C3-9A0D-7BEF205B7A16}.Debug|Win32.Build.0 = Debug|Win32
		{8F42E724-A0F9-46C3-9A0D-7BEF205B7A16}.Release|Win32.ActiveCfg = Release|Win32
		{8F42E724-A0F9-46C3-9A0D-7BEF205B7A16}.Release|Win32.Build.0 = Release|Win32
		{F85F01F0-42D9-42BC-83F2-90131F4F56C6}.Debug|Win32.ActiveCfg = Debug|Win32
		{F85F01F0-42D9-42BC-83F2-90131F4F56C6}.Debug|Win32.Build.0 = Debug|Win32
		{F85F01F0-42D9-42BC-83F2-90131F4F56C6}.Release|Win32.ActiveCfg = Release|Win32
		{F85F01F0-42D9-42BC-83F2-90131F4F56C6}.Release|Win32.Build.0 = Release|Win32
		{E2CFF419-D7F7-47F2-B632-E4D966A668EC}.Debug|Win32.ActiveCfg = Debug|Win32
		{E2CFF419-D7F7-47F2-B632-E4D966A668EC}.Debug|Win32.Build.0 = Debug|Win32
		{E2CFF419-D7F7-47F2-B632-E4D966A668EC}.Release|Win32.ActiveCfg = Release|Win32
		{E2CFF419-D7F7-47F2-B632-E4D966A668EC}.Release|Win32.Build.0 = Release|Win32
		{1E65E17D-0B0D-42A4-95B3-D99A37FB0A36}.Debug|Win32.ActiveCfg = Debug|Win32
		{1E65E17D-0B0D-42A4-95B3-D99A37FB0A36}.Debug|Win32.Build.0 = Debug|Win32
		{1E65E17D-0B0D-42A4-95B3-D99A37FB0A36}.Release|Win32.ActiveCfg = Release|Win32
		{1E65E17D-0B0D-42A4-95B3-D99A37FB0A36}.Release|Win32.Build.0 = Release|Win32
		{AE8BBB42-BD51-43CE-93C8-B40EE8D8F285}.Debug|Win32.ActiveCfg = Debug|Win32
		{AE8BBB42-BD51-43CE-93C8-B40EE8D8F285}.Debug|Win32.Build.0 = Debug|Win32
		{AE8BBB42-BD51-43CE-93C8-B40EE8D8F285}.Release|Win32.ActiveCfg = Release|Win32
		{AE8BBB42-BD51-43CE-93C8-B40EE8D8F285}.Release|Win32.Build.0 = Release|Win32
		{A2B95AEC-8DB9-4DE6-A4A1-962E7CE91E17}.Debug|Win32.ActiveCfg = Debug|Win32
		{A2B95AEC-8DB9-4DE6-A4A1-962E7CE91E17}.Debug|Win32.Build.0 = Debug|Win32
		{A2B95AEC-8DB9-4DE6-A4A1-962E7CE91E17}.Release|Win32.ActiveCfg = Release|Win32
		{A2B95AEC-8DB9-4DE6-A4A1-962E7CE91E17}.Release|Win32.Build.0 = Release|Win32
		{4527BCA3-666B-4F44-9897-06C9CB55FAA3}.Debug|Win32.ActiveCfg = Debug|Win32
		{4527BCA3-666B-4F44-9897-06C9CB55FAA3}.Debug|Win32.Build.0 = Debug|Win32
		{4527BCA3-666B-4F44-9897-06C9CB55FAA3}.Release|Win32.ActiveCfg = Release|Win32
		{4527BCA3-666B-4F44-9897-06C9CB55FAA3}.Release|Win32.Build.0 = Release|Win32
		{24F691D0-5CB8-4BAB-B76A-D61C1120E530}.Debug|Win32.ActiveCfg = Debug|Win32
		{24F691D0-5CB8-4BAB-B76A-D61C1120E530}.Debug|Win32.Build.0 = Debug|Win32
		{24F691D0-5CB8-4BAB-B76A-D61C1120E530}.Release|Win32.ActiveCfg = Release|Win32
		{24F691D0-5CB8-4BAB-B76A-D61C1120E530}.Release|Win32.Build.0 = Release|Win32
		{D3543F19-0C40-4BE2-B5BC-294222CBE6B6}.Debug|Win32.ActiveCfg = Debug|Win32
		{D3543F19-0C40-4BE2-B5BC-294222CBE6B6}.Debug|Win32.Build.0 = Debug|Win32
		{D3543F19-0C40-4BE2-B5BC-294222CBE6B6}.Release|Win32.ActiveCfg = Release|Win32
		{D3543F19-0C40-4BE2-B5BC-294222CBE6B6}.Release|Win32.Build.0 = Release|Win32
		{9E8DCA13-7AD4-47ED-8362-FF439611071B}.Debug|Win32.ActiveCfg = Debug|Win32
		{9E8DCA13-7AD4-47ED-8362-FF439611071B}.Debug|Win32.Build.0 = Debug|Win32
		{9E8DCA13-7AD4-47ED-8362-FF439611071B}.Release|Win32.ActiveCfg = Release|Win32
		{9E8DCA13-7AD4-47ED-8362-FF439611071B}.Release|Win32.Build.0 = Release|Win32
		{4C496336-D6B2-49F7-9C33-9759F623A8C4}.Debug|Win32.ActiveCfg = Debug|Win32
		{4C496336-D6B2-49F7-9C33-9759F623A8C4}.Debug|Win32.Build.0 = Debug|Win32
		{4C496336-D6B2-49F7-9C33-9759F623A8C4}.Release|Win32.ActiveCfg = Release|Win32
		{4C496336-D6B2-49F7-9C33-9759F623A8C4}.Release|Win32.Build.0 = Release|Win32
	EndGlobalSection
	GlobalSection(SolutionProperties) = preSolution
		HideSolutionNode = FALSE
	EndGlobalSection
EndGlobal
